
Microsoft Visual Studio Solution File, Format Version 12.00
# Visual Studio 14
VisualStudioVersion = 14.0.25123.0
MinimumVisualStudioVersion = 10.0.40219.1
Project("{8BC9CEB8-8B4A-11D0-8D11-00A0C91BC942}") = "ConsoleApp", "ConsoleApp\ConsoleApp.vcxproj", "{AECDE864-1F12-4586-A1BA-A66EED8E8A9C}"
EndProject
Project("{8BC9CEB8-8B4A-11D0-8D11-00A0C91BC942}") = "Static_Common", "Static_Common\Static_Common.vcxproj", "{B9B983F5-DACE-434C-BD58-A291159FA8EB}"
EndProject
Project("{8BC9CEB8-8B4A-11D0-8D11-00A0C91BC942}") = "Dynamic_Common", "Dynamic_Common\Dynamic_Common.vcxproj", "{0AC049FD-6040-4B77-83CE-239D1D3D3869}"
EndProject
Project("{2150E333-8FDC-42A3-9474-1A3956D46DE8}") = "Solution Items", "Solution Items", "{47173762-9348-4384-90B0-D0943F6A574A}"
	ProjectSection(SolutionItems) = preProject
		README.md = README.md
	EndProjectSection
EndProject
Global
	GlobalSection(SolutionConfigurationPlatforms) = preSolution
		Debug|x64 = Debug|x64
		Debug|x86 = Debug|x86
		Release|x64 = Release|x64
		Release|x86 = Release|x86
	EndGlobalSection
	GlobalSection(ProjectConfigurationPlatforms) = postSolution
		{AECDE864-1F12-4586-A1BA-A66EED8E8A9C}.Debug|x64.ActiveCfg = Debug|x64
		{AECDE864-1F12-4586-A1BA-A66EED8E8A9C}.Debug|x64.Build.0 = Debug|x64
		{AECDE864-1F12-4586-A1BA-A66EED8E8A9C}.Debug|x86.ActiveCfg = Debug|Win32
		{AECDE864-1F12-4586-A1BA-A66EED8E8A9C}.Debug|x86.Build.0 = Debug|Win32
		{AECDE864-1F12-4586-A1BA-A66EED8E8A9C}.Release|x64.ActiveCfg = Release|x64
		{AECDE864-1F12-4586-A1BA-A66EED8E8A9C}.Release|x64.Build.0 = Release|x64
		{AECDE864-1F12-4586-A1BA-A66EED8E8A9C}.Release|x86.ActiveCfg = Release|Win32
		{AECDE864-1F12-4586-A1BA-A66EED8E8A9C}.Release|x86.Build.0 = Release|Win32
		{B9B983F5-DACE-434C-BD58-A291159FA8EB}.Debug|x64.ActiveCfg = Debug|x64
		{B9B983F5-DACE-434C-BD58-A291159FA8EB}.Debug|x64.Build.0 = Debug|x64
		{B9B983F5-DACE-434C-BD58-A291159FA8EB}.Debug|x86.ActiveCfg = Debug|Win32
		{B9B983F5-DACE-434C-BD58-A291159FA8EB}.Debug|x86.Build.0 = Debug|Win32
		{B9B983F5-DACE-434C-BD58-A291159FA8EB}.Release|x64.ActiveCfg = Release|x64
		{B9B983F5-DACE-434C-BD58-A291159FA8EB}.Release|x64.Build.0 = Release|x64
		{B9B983F5-DACE-434C-BD58-A291159FA8EB}.Release|x86.ActiveCfg = Release|Win32
		{B9B983F5-DACE-434C-BD58-A291159FA8EB}.Release|x86.Build.0 = Release|Win32
		{0AC049FD-6040-4B77-83CE-239D1D3D3869}.Debug|x64.ActiveCfg = Debug|x64
		{0AC049FD-6040-4B77-83CE-239D1D3D3869}.Debug|x64.Build.0 = Debug|x64
		{0AC049FD-6040-4B77-83CE-239D1D3D3869}.Debug|x86.ActiveCfg = Debug|Win32
		{0AC049FD-6040-4B77-83CE-239D1D3D3869}.Debug|x86.Build.0 = Debug|Win32
		{0AC049FD-6040-4B77-83CE-239D1D3D3869}.Release|x64.ActiveCfg = Release|x64
		{0AC049FD-6040-4B77-83CE-239D1D3D3869}.Release|x64.Build.0 = Release|x64
		{0AC049FD-6040-4B77-83CE-239D1D3D3869}.Release|x86.ActiveCfg = Release|Win32
		{0AC049FD-6040-4B77-83CE-239D1D3D3869}.Release|x86.Build.0 = Release|Win32
	EndGlobalSection
	GlobalSection(SolutionProperties) = preSolution
		HideSolutionNode = FALSE
	EndGlobalSection
EndGlobal
